<?xml version="1.0" encoding="utf-8"?>
<Project ToolsVersion="4.0" xmlns="http://schemas.microsoft.com/developer/msbuild/2003">
  <ItemGroup>
    <Filter Include="Source Files">
      <UniqueIdentifier>{4FC737F1-C7A5-4376-A066-2A32D752A2FF}</UniqueIdentifier>
      <Extensions>cpp;c;cc;cxx;c++;cppm;ixx;def;odl;idl;hpj;bat;asm;asmx</Extensions>
    </Filter>
    <Filter Include="Header Files">
      <UniqueIdentifier>{93995380-89BD-4b04-88EB-625FBE52EBFB}</UniqueIdentifier>
      <Extensions>h;hh;hpp;hxx;h++;hm;inl;inc;ipp;xsd</Extensions>
    </Filter>
    <Filter Include="Resource Files">
      <UniqueIdentifier>{67DA6AB6-F800-4c08-8B7A-83BB121AAD01}</UniqueIdentifier>
      <Extensions>rc;ico;cur;bmp;dlg;rc2;rct;bin;rgs;gif;jpg;jpeg;jpe;resx;tiff;tif;png;wav;mfcribbon-ms</Extensions>
    </Filter>
    <Filter Include="External">
      <UniqueIdentifier>{355eb218-afd2-4866-b41a-89727e5d773d}</UniqueIdentifier>
    </Filter>
    <Filter Include="Header Files\Vector and matrix defs">
      <UniqueIdentifier>{84503d02-fe34-4edd-b99c-ddf01f27decd}</UniqueIdentifier>
    </Filter>
    <Filter Include="Header Files\Vector and matrix defs\templates">
      <UniqueIdentifier>{ecd95cb9-f6bf-47c2-b3e5-08cbcc887523}</UniqueIdentifier>
    </Filter>
    <Filter Include="Header Files\Geometry defs">
      <UniqueIdentifier>{f89308e8-82b3-43b0-8b43-4187adea7baf}</UniqueIdentifier>
    </Filter>
  </ItemGroup>
  <ItemGroup>
    <ClCompile Include="3dRendererProject.cpp">
      <Filter>Source Files</Filter>
    </ClCompile>
    <ClCompile Include="Textures.cpp">
      <Filter>Source Files</Filter>
    </ClCompile>
    <ClCompile Include="Mesh.cpp">
      <Filter>Source Files</Filter>
    </ClCompile>
    <ClCompile Include="QUATERNION.hpp">
      <Filter>Header Files\Vector and matrix defs</Filter>
    </ClCompile>
    <ClCompile Include="TriCastLib.hpp">
      <Filter>Header Files\Geometry defs</Filter>
    </ClCompile>
    <ClCompile Include="DrawFuncs.cpp">
      <Filter>Source Files</Filter>
    </ClCompile>
  </ItemGroup>
  <ItemGroup>
    <ClInclude Include="matlib.hpp">
      <Filter>Header Files</Filter>
    </ClInclude>
    <ClInclude Include="ScreenBuffer.hpp">
      <Filter>Header Files</Filter>
    </ClInclude>
    <ClInclude Include="VertSettings.hpp">
      <Filter>Header Files</Filter>
    </ClInclude>
    <ClInclude Include="stb_image.h">
      <Filter>External</Filter>
    </ClInclude>
    <ClInclude Include="eulerAngles.hpp">
      <Filter>Header Files\Vector and matrix defs</Filter>
    </ClInclude>
    <ClInclude Include="vectors.hpp">
      <Filter>Header Files\Vector and matrix defs</Filter>
    </ClInclude>
    <ClInclude Include="vectorTemplate.hpp">
      <Filter>Header Files\Vector and matrix defs\templates</Filter>
    </ClInclude>
    <ClInclude Include="matrix.hpp">
      <Filter>Header Files\Vector and matrix defs</Filter>
    </ClInclude>
    <ClInclude Include="CameraDef.hpp">
      <Filter>Header Files\Vector and matrix defs</Filter>
    </ClInclude>
    <ClInclude Include="matrixTemplate.hpp">
      <Filter>Header Files\Vector and matrix defs\templates</Filter>
    </ClInclude>
    <ClInclude Include="Materials.hpp">
      <Filter>Header Files\Geometry defs</Filter>
    </ClInclude>
    <ClInclude Include="geometry.hpp">
      <Filter>Header Files\Geometry defs</Filter>
    </ClInclude>
    <ClInclude Include="Textures.hpp">
      <Filter>Header Files\Geometry defs</Filter>
    </ClInclude>
    <ClInclude Include="PixelShadeFuncs.hpp">
      <Filter>Header Files</Filter>
    </ClInclude>
  </ItemGroup>
</Project>